
Microsoft Visual Studio Solution File, Format Version 12.00
# Visual Studio Version 16
VisualStudioVersion = 16.0.29609.76
MinimumVisualStudioVersion = 10.0.40219.1
Project("{FAE04EC0-301F-11D3-BF4B-00C04F79EFBC}") = "TechApp2.Android", "TechApp2\TechApp2.Android\TechApp2.Android.csproj", "{EA0AF73C-BD27-442E-8C59-36F331972467}"
EndProject
Project("{FAE04EC0-301F-11D3-BF4B-00C04F79EFBC}") = "TechApp2.iOS", "TechApp2\TechApp2.iOS\TechApp2.iOS.csproj", "{B3553732-FA29-4629-A462-320AAC38F930}"
EndProject
Project("{9A19103F-16F7-4668-BE54-9A1E7A4F7556}") = "TechApp2", "TechApp2\TechApp2\TechApp2.csproj", "{32CDD41E-19C2-4FAA-94A8-EF7BAB25B822}"
EndProject
Global
	GlobalSection(SolutionConfigurationPlatforms) = preSolution
		Debug|Any CPU = Debug|Any CPU
		Debug|iPhone = Debug|iPhone
		Debug|iPhoneSimulator = Debug|iPhoneSimulator
		Release|Any CPU = Release|Any CPU
		Release|iPhone = Release|iPhone
		Release|iPhoneSimulator = Release|iPhoneSimulator
	EndGlobalSection
	GlobalSection(ProjectConfigurationPlatforms) = postSolution
		{EA0AF73C-BD27-442E-8C59-36F331972467}.Debug|Any CPU.ActiveCfg = Debug|Any CPU
		{EA0AF73C-BD27-442E-8C59-36F331972467}.Debug|Any CPU.Build.0 = Debug|Any CPU
		{EA0AF73C-BD27-442E-8C59-36F331972467}.Debug|Any CPU.Deploy.0 = Debug|Any CPU
		{EA0AF73C-BD27-442E-8C59-36F331972467}.Debug|iPhone.ActiveCfg = Debug|Any CPU
		{EA0AF73C-BD27-442E-8C59-36F331972467}.Debug|iPhone.Build.0 = Debug|Any CPU
		{EA0AF73C-BD27-442E-8C59-36F331972467}.Debug|iPhone.Deploy.0 = Debug|Any CPU
		{EA0AF73C-BD27-442E-8C59-36F331972467}.Debug|iPhoneSimulator.ActiveCfg = Debug|Any CPU
		{EA0AF73C-BD27-442E-8C59-36F331972467}.Debug|iPhoneSimulator.Build.0 = Debug|Any CPU
		{EA0AF73C-BD27-442E-8C59-36F331972467}.Debug|iPhoneSimulator.Deploy.0 = Debug|Any CPU
		{EA0AF73C-BD27-442E-8C59-36F331972467}.Release|Any CPU.ActiveCfg = Release|Any CPU
		{EA0AF73C-BD27-442E-8C59-36F331972467}.Release|Any CPU.Build.0 = Release|Any CPU
		{EA0AF73C-BD27-442E-8C59-36F331972467}.Release|Any CPU.Deploy.0 = Release|Any CPU
		{EA0AF73C-BD27-442E-8C59-36F331972467}.Release|iPhone.ActiveCfg = Release|Any CPU
		{EA0AF73C-BD27-442E-8C59-36F331972467}.Release|iPhone.Build.0 = Release|Any CPU
		{EA0AF73C-BD27-442E-8C59-36F331972467}.Release|iPhone.Deploy.0 = Release|Any CPU
		{EA0AF73C-BD27-442E-8C59-36F331972467}.Release|iPhoneSimulator.ActiveCfg = Release|Any CPU
		{EA0AF73C-BD27-442E-8C59-36F331972467}.Release|iPhoneSimulator.Build.0 = Release|Any CPU
		{EA0AF73C-BD27-442E-8C59-36F331972467}.Release|iPhoneSimulator.Deploy.0 = Release|Any CPU
		{B3553732-FA29-4629-A462-320AAC38F930}.Debug|Any CPU.ActiveCfg = Debug|iPhoneSimulator
		{B3553732-FA29-4629-A462-320AAC38F930}.Debug|Any CPU.Build.0 = Debug|iPhoneSimulator
		{B3553732-FA29-4629-A462-320AAC38F930}.Debug|Any CPU.Deploy.0 = Debug|iPhoneSimulator
		{B3553732-FA29-4629-A462-320AAC38F930}.Debug|iPhone.ActiveCfg = Debug|iPhone
		{B3553732-FA29-4629-A462-320AAC38F930}.Debug|iPhone.Build.0 = Debug|iPhone
		{B3553732-FA29-4629-A462-320AAC38F930}.Debug|iPhone.Deploy.0 = Debug|iPhone
		{B3553732-FA29-4629-A462-320AAC38F930}.Debug|iPhoneSimulator.ActiveCfg = Debug|iPhoneSimulator
		{B3553732-FA29-4629-A462-320AAC38F930}.Debug|iPhoneSimulator.Build.0 = Debug|iPhoneSimulator
		{B3553732-FA29-4629-A462-320AAC38F930}.Debug|iPhoneSimulator.Deploy.0 = Debug|iPhoneSimulator
		{B3553732-FA29-4629-A462-320AAC38F930}.Release|Any CPU.ActiveCfg = Release|iPhone
		{B3553732-FA29-4629-A462-320AAC38F930}.Release|Any CPU.Build.0 = Release|iPhone
		{B3553732-FA29-4629-A462-320AAC38F930}.Release|Any CPU.Deploy.0 = Release|iPhone
		{B3553732-FA29-4629-A462-320AAC38F930}.Release|iPhone.ActiveCfg = Release|iPhone
		{B3553732-FA29-4629-A462-320AAC38F930}.Release|iPhone.Build.0 = Release|iPhone
		{B3553732-FA29-4629-A462-320AAC38F930}.Release|iPhone.Deploy.0 = Release|iPhone
		{B3553732-FA29-4629-A462-320AAC38F930}.Release|iPhoneSimulator.ActiveCfg = Release|iPhoneSimulator
		{B3553732-FA29-4629-A462-320AAC38F930}.Release|iPhoneSimulator.Build.0 = Release|iPhoneSimulator
		{B3553732-FA29-4629-A462-320AAC38F930}.Release|iPhoneSimulator.Deploy.0 = Release|iPhoneSimulator
		{32CDD41E-19C2-4FAA-94A8-EF7BAB25B822}.Debug|Any CPU.ActiveCfg = Debug|Any CPU
		{32CDD41E-19C2-4FAA-94A8-EF7BAB25B822}.Debug|Any CPU.Build.0 = Debug|Any CPU
		{32CDD41E-19C2-4FAA-94A8-EF7BAB25B822}.Debug|Any CPU.Deploy.0 = Debug|Any CPU
		{32CDD41E-19C2-4FAA-94A8-EF7BAB25B822}.Debug|iPhone.ActiveCfg = Debug|Any CPU
		{32CDD41E-19C2-4FAA-94A8-EF7BAB25B822}.Debug|iPhone.Build.0 = Debug|Any CPU
		{32CDD41E-19C2-4FAA-94A8-EF7BAB25B822}.Debug|iPhone.Deploy.0 = Debug|Any CPU
		{32CDD41E-19C2-4FAA-94A8-EF7BAB25B822}.Debug|iPhoneSimulator.ActiveCfg = Debug|Any CPU
		{32CDD41E-19C2-4FAA-94A8-EF7BAB25B822}.Debug|iPhoneSimulator.Build.0 = Debug|Any CPU
		{32CDD41E-19C2-4FAA-94A8-EF7BAB25B822}.Debug|iPhoneSimulator.Deploy.0 = Debug|Any CPU
		{32CDD41E-19C2-4FAA-94A8-EF7BAB25B822}.Release|Any CPU.ActiveCfg = Release|Any CPU
		{32CDD41E-19C2-4FAA-94A8-EF7BAB25B822}.Release|Any CPU.Build.0 = Release|Any CPU
		{32CDD41E-19C2-4FAA-94A8-EF7BAB25B822}.Release|Any CPU.Deploy.0 = Release|Any CPU
		{32CDD41E-19C2-4FAA-94A8-EF7BAB25B822}.Release|iPhone.ActiveCfg = Release|Any CPU
		{32CDD41E-19C2-4FAA-94A8-EF7BAB25B822}.Release|iPhone.Build.0 = Release|Any CPU
		{32CDD41E-19C2-4FAA-94A8-EF7BAB25B822}.Release|iPhone.Deploy.0 = Release|Any CPU
		{32CDD41E-19C2-4FAA-94A8-EF7BAB25B822}.Release|iPhoneSimulator.ActiveCfg = Release|Any CPU
		{32CDD41E-19C2-4FAA-94A8-EF7BAB25B822}.Release|iPhoneSimulator.Build.0 = Release|Any CPU
		{32CDD41E-19C2-4FAA-94A8-EF7BAB25B822}.Release|iPhoneSimulator.Deploy.0 = Release|Any CPU
	EndGlobalSection
	GlobalSection(SolutionProperties) = preSolution
		HideSolutionNode = FALSE
	EndGlobalSection
	GlobalSection(ExtensibilityGlobals) = postSolution
		SolutionGuid = {48F590F8-58BB-4F49-9C51-3125DFEFE15C}
	EndGlobalSection
EndGlobal
